
Microsoft Visual Studio Solution File, Format Version 12.00
Project("{FAE04EC0-301F-11D3-BF4B-00C04F79EFBC}") = "LacoDoWhile", "LacoDoWhile\LacoDoWhile.csproj", "{D8DADC3F-21AF-47F0-BF85-45E5CA79D820}"
EndProject
Global
	GlobalSection(SolutionConfigurationPlatforms) = preSolution
		Debug|Any CPU = Debug|Any CPU
		Release|Any CPU = Release|Any CPU
	EndGlobalSection
	GlobalSection(ProjectConfigurationPlatforms) = postSolution
		{D8DADC3F-21AF-47F0-BF85-45E5CA79D820}.Debug|Any CPU.ActiveCfg = Debug|Any CPU
		{D8DADC3F-21AF-47F0-BF85-45E5CA79D820}.Debug|Any CPU.Build.0 = Debug|Any CPU
		{D8DADC3F-21AF-47F0-BF85-45E5CA79D820}.Release|Any CPU.ActiveCfg = Release|Any CPU
		{D8DADC3F-21AF-47F0-BF85-45E5CA79D820}.Release|Any CPU.Build.0 = Release|Any CPU
	EndGlobalSection
EndGlobal
